PODS:
  - CollectionKit (2.3.0):
    - CollectionKit/Core (= 2.3.0)
  - CollectionKit/Core (2.3.0)

DEPENDENCIES:
  - CollectionKit

SPEC REPOS:
  https://github.com/cocoapods/specs.git:
    - CollectionKit

SPEC CHECKSUMS:
  CollectionKit: 6910479bf865bfe49040e73322ce4b8fe8991231

PODFILE CHECKSUM: 3dd0624659e542315ba32c3c65ae013abc6d601c

COCOAPODS: 1.6.1
