// !$*UTF8*$!
{
	archiveVersion = 1;
	classes = {
	};
	objectVersion = 50;
	objects = {

/* Begin PBXBuildFile section */
		0BFA64EF222F4AC3001A5493 /* AppDelegate.swift in Sources */ = {isa = PBXBuildFile; fileRef = 0BFA64EE222F4AC3001A5493 /* AppDelegate.swift */; };
		0BFA64F4222F4AC3001A5493 /* Main.storyboard in Resources */ = {isa = PBXBuildFile; fileRef = 0BFA64F2222F4AC3001A5493 /* Main.storyboard */; };
		0BFA64F6222F4AC4001A5493 /* Assets.xcassets in Resources */ = {isa = PBXBuildFile; fileRef = 0BFA64F5222F4AC4001A5493 /* Assets.xcassets */; };
		0BFA64F9222F4AC4001A5493 /* LaunchScreen.storyboard in Resources */ = {isa = PBXBuildFile; fileRef = 0BFA64F7222F4AC4001A5493 /* LaunchScreen.storyboard */; };
		0BFA6504222F4AC4001A5493 /* FloorPlanIOSTests.swift in Sources */ = {isa = PBXBuildFile; fileRef = 0BFA6503222F4AC4001A5493 /* FloorPlanIOSTests.swift */; };
		0BFA650F222F4AC4001A5493 /* FloorPlanIOSUITests.swift in Sources */ = {isa = PBXBuildFile; fileRef = 0BFA650E222F4AC4001A5493 /* FloorPlanIOSUITests.swift */; };
		0BFA651F222F4DFC001A5493 /* HomeViewController.swift in Sources */ = {isa = PBXBuildFile; fileRef = 0BFA651E222F4DFC001A5493 /* HomeViewController.swift */; };
/* End PBXBuildFile section */

/* Begin PBXContainerItemProxy section */
		0BFA6500222F4AC4001A5493 /* PBXContainerItemProxy */ = {
			isa = PBXContainerItemProxy;
			containerPortal = 0BFA64E3222F4AC3001A5493 /* Project object */;
			proxyType = 1;
			remoteGlobalIDString = 0BFA64EA222F4AC3001A5493;
			remoteInfo = FloorPlanIOS;
		};
		0BFA650B222F4AC4001A5493 /* PBXContainerItemProxy */ = {
			isa = PBXContainerItemProxy;
			containerPortal = 0BFA64E3222F4AC3001A5493 /* Project object */;
			proxyType = 1;
			remoteGlobalIDString = 0BFA64EA222F4AC3001A5493;
			remoteInfo = FloorPlanIOS;
		};
/* End PBXContainerItemProxy section */

/* Begin PBXFileReference section */
		0BFA64EB222F4AC3001A5493 /* FloorPlanIOS.app */ = {isa = PBXFileReference; explicitFileType = wrapper.application; includeInIndex = 0; path = FloorPlanIOS.app; sourceTree = BUILT_PRODUCTS_DIR; };
		0BFA64EE222F4AC3001A5493 /* AppDelegate.swift */ = {isa = PBXFileReference; lastKnownFileType = sourcecode.swift; path = AppDelegate.swift; sourceTree = "<group>"; };
		0BFA64F3222F4AC3001A5493 /* Base */ = {isa = PBXFileReference; lastKnownFileType = file.storyboard; name = Base; path = Base.lproj/Main.storyboard; sourceTree = "<group>"; };
		0BFA64F5222F4AC4001A5493 /* Assets.xcassets */ = {isa = PBXFileReference; lastKnownFileType = folder.assetcatalog; path = Assets.xcassets; sourceTree = "<group>"; };
		0BFA64F8222F4AC4001A5493 /* Base */ = {isa = PBXFileReference; lastKnownFileType = file.storyboard; name = Base; path = Base.lproj/LaunchScreen.storyboard; sourceTree = "<group>"; };
		0BFA64FA222F4AC4001A5493 /* Info.plist */ = {isa = PBXFileReference; lastKnownFileType = text.plist.xml; path = Info.plist; sourceTree = "<group>"; };
		0BFA64FF222F4AC4001A5493 /* FloorPlanIOSTests.xctest */ = {isa = PBXFileReference; explicitFileType = wrapper.cfbundle; includeInIndex = 0; path = FloorPlanIOSTests.xctest; sourceTree = BUILT_PRODUCTS_DIR; };
		0BFA6503222F4AC4001A5493 /* FloorPlanIOSTests.swift */ = {isa = PBXFileReference; lastKnownFileType = sourcecode.swift; path = FloorPlanIOSTests.swift; sourceTree = "<group>"; };
		0BFA6505222F4AC4001A5493 /* Info.plist */ = {isa = PBXFileReference; lastKnownFileType = text.plist.xml; path = Info.plist; sourceTree = "<group>"; };
		0BFA650A222F4AC4001A5493 /* FloorPlanIOSUITests.xctest */ = {isa = PBXFileReference; explicitFileType = wrapper.cfbundle; includeInIndex = 0; path = FloorPlanIOSUITests.xctest; sourceTree = BUILT_PRODUCTS_DIR; };
		0BFA650E222F4AC4001A5493 /* FloorPlanIOSUITests.swift */ = {isa = PBXFileReference; lastKnownFileType = sourcecode.swift; path = FloorPlanIOSUITests.swift; sourceTree = "<group>"; };
		0BFA6510222F4AC4001A5493 /* Info.plist */ = {isa = PBXFileReference; lastKnownFileType = text.plist.xml; path = Info.plist; sourceTree = "<group>"; };
		0BFA651E222F4DFC001A5493 /* HomeViewController.swift */ = {isa = PBXFileReference; lastKnownFileType = sourcecode.swift; path = HomeViewController.swift; sourceTree = "<group>"; };
/* End PBXFileReference section */

/* Begin PBXFrameworksBuildPhase section */
		0BFA64E8222F4AC3001A5493 /* Frameworks */ = {
			isa = PBXFrameworksBuildPhase;
			buildActionMask = 2147483647;
			files = (
			);
			runOnlyForDeploymentPostprocessing = 0;
		};
		0BFA64FC222F4AC4001A5493 /* Frameworks */ = {
			isa = PBXFrameworksBuildPhase;
			buildActionMask = 2147483647;
			files = (
			);
			runOnlyForDeploymentPostprocessing = 0;
		};
		0BFA6507222F4AC4001A5493 /* Frameworks */ = {
			isa = PBXFrameworksBuildPhase;
			buildActionMask = 2147483647;
			files = (
			);
			runOnlyForDeploymentPostprocessing = 0;
		};
/* End PBXFrameworksBuildPhase section */

/* Begin PBXGroup section */
		0BFA64E2222F4AC3001A5493 = {
			isa = PBXGroup;
			children = (
				0BFA64ED222F4AC3001A5493 /* FloorPlanIOS */,
				0BFA6502222F4AC4001A5493 /* FloorPlanIOSTests */,
				0BFA650D222F4AC4001A5493 /* FloorPlanIOSUITests */,
				0BFA64EC222F4AC3001A5493 /* Products */,
			);
			sourceTree = "<group>";
		};
		0BFA64EC222F4AC3001A5493 /* Products */ = {
			isa = PBXGroup;
			children = (
				0BFA64EB222F4AC3001A5493 /* FloorPlanIOS.app */,
				0BFA64FF222F4AC4001A5493 /* FloorPlanIOSTests.xctest */,
				0BFA650A222F4AC4001A5493 /* FloorPlanIOSUITests.xctest */,
			);
			name = Products;
			sourceTree = "<group>";
		};
		0BFA64ED222F4AC3001A5493 /* FloorPlanIOS */ = {
			isa = PBXGroup;
			children = (
				0BFA64EE222F4AC3001A5493 /* AppDelegate.swift */,
				0BFA64F2222F4AC3001A5493 /* Main.storyboard */,
				0BFA64F5222F4AC4001A5493 /* Assets.xcassets */,
				0BFA64F7222F4AC4001A5493 /* LaunchScreen.storyboard */,
				0BFA64FA222F4AC4001A5493 /* Info.plist */,
				0BFA651E222F4DFC001A5493 /* HomeViewController.swift */,
			);
			path = FloorPlanIOS;
			sourceTree = "<group>";
		};
		0BFA6502222F4AC4001A5493 /* FloorPlanIOSTests */ = {
			isa = PBXGroup;
			children = (
				0BFA6503222F4AC4001A5493 /* FloorPlanIOSTests.swift */,
				0BFA6505222F4AC4001A5493 /* Info.plist */,
			);
			path = FloorPlanIOSTests;
			sourceTree = "<group>";
		};
		0BFA650D222F4AC4001A5493 /* FloorPlanIOSUITests */ = {
			isa = PBXGroup;
			children = (
				0BFA650E222F4AC4001A5493 /* FloorPlanIOSUITests.swift */,
				0BFA6510222F4AC4001A5493 /* Info.plist */,
			);
			path = FloorPlanIOSUITests;
			sourceTree = "<group>";
		};
/* End PBXGroup section */

/* Begin PBXNativeTarget section */
		0BFA64EA222F4AC3001A5493 /* FloorPlanIOS */ = {
			isa = PBXNativeTarget;
			buildConfigurationList = 0BFA6513222F4AC4001A5493 /* Build configuration list for PBXNativeTarget "FloorPlanIOS" */;
			buildPhases = (
				0BFA64E7222F4AC3001A5493 /* Sources */,
				0BFA64E8222F4AC3001A5493 /* Frameworks */,
				0BFA64E9222F4AC3001A5493 /* Resources */,
			);
			buildRules = (
			);
			dependencies = (
			);
			name = FloorPlanIOS;
			productName = FloorPlanIOS;
			productReference = 0BFA64EB222F4AC3001A5493 /* FloorPlanIOS.app */;
			productType = "com.apple.product-type.application";
		};
		0BFA64FE222F4AC4001A5493 /* FloorPlanIOSTests */ = {
			isa = PBXNativeTarget;
			buildConfigurationList = 0BFA6516222F4AC4001A5493 /* Build configuration list for PBXNativeTarget "FloorPlanIOSTests" */;
			buildPhases = (
				0BFA64FB222F4AC4001A5493 /* Sources */,
				0BFA64FC222F4AC4001A5493 /* Frameworks */,
				0BFA64FD222F4AC4001A5493 /* Resources */,
			);
			buildRules = (
			);
			dependencies = (
				0BFA6501222F4AC4001A5493 /* PBXTargetDependency */,
			);
			name = FloorPlanIOSTests;
			productName = FloorPlanIOSTests;
			productReference = 0BFA64FF222F4AC4001A5493 /* FloorPlanIOSTests.xctest */;
			productType = "com.apple.product-type.bundle.unit-test";
		};
		0BFA6509222F4AC4001A5493 /* FloorPlanIOSUITests */ = {
			isa = PBXNativeTarget;
			buildConfigurationList = 0BFA6519222F4AC4001A5493 /* Build configuration list for PBXNativeTarget "FloorPlanIOSUITests" */;
			buildPhases = (
				0BFA6506222F4AC4001A5493 /* Sources */,
				0BFA6507222F4AC4001A5493 /* Frameworks */,
				0BFA6508222F4AC4001A5493 /* Resources */,
			);
			buildRules = (
			);
			dependencies = (
				0BFA650C222F4AC4001A5493 /* PBXTargetDependency */,
			);
			name = FloorPlanIOSUITests;
			productName = FloorPlanIOSUITests;
			productReference = 0BFA650A222F4AC4001A5493 /* FloorPlanIOSUITests.xctest */;
			productType = "com.apple.product-type.bundle.ui-testing";
		};
/* End PBXNativeTarget section */

/* Begin PBXProject section */
		0BFA64E3222F4AC3001A5493 /* Project object */ = {
			isa = PBXProject;
			attributes = {
				LastSwiftUpdateCheck = 1010;
				LastUpgradeCheck = 1010;
				ORGANIZATIONNAME = Angel;
				TargetAttributes = {
					0BFA64EA222F4AC3001A5493 = {
						CreatedOnToolsVersion = 10.1;
					};
					0BFA64FE222F4AC4001A5493 = {
						CreatedOnToolsVersion = 10.1;
						TestTargetID = 0BFA64EA222F4AC3001A5493;
					};
					0BFA6509222F4AC4001A5493 = {
						CreatedOnToolsVersion = 10.1;
						TestTargetID = 0BFA64EA222F4AC3001A5493;
					};
				};
			};
			buildConfigurationList = 0BFA64E6222F4AC3001A5493 /* Build configuration list for PBXProject "FloorPlanIOS" */;
			compatibilityVersion = "Xcode 9.3";
			developmentRegion = en;
			hasScannedForEncodings = 0;
			knownRegions = (
				en,
				Base,
			);
			mainGroup = 0BFA64E2222F4AC3001A5493;
			productRefGroup = 0BFA64EC222F4AC3001A5493 /* Products */;
			projectDirPath = "";
			projectRoot = "";
			targets = (
				0BFA64EA222F4AC3001A5493 /* FloorPlanIOS */,
				0BFA64FE222F4AC4001A5493 /* FloorPlanIOSTests */,
				0BFA6509222F4AC4001A5493 /* FloorPlanIOSUITests */,
			);
		};
/* End PBXProject section */

/* Begin PBXResourcesBuildPhase section */
		0BFA64E9222F4AC3001A5493 /* Resources */ = {
			isa = PBXResourcesBuildPhase;
			buildActionMask = 2147483647;
			files = (
				0BFA64F9222F4AC4001A5493 /* LaunchScreen.storyboard in Resources */,
				0BFA64F6222F4AC4001A5493 /* Assets.xcassets in Resources */,
				0BFA64F4222F4AC3001A5493 /* Main.storyboard in Resources */,
			);
			runOnlyForDeploymentPostprocessing = 0;
		};
		0BFA64FD222F4AC4001A5493 /* Resources */ = {
			isa = PBXResourcesBuildPhase;
			buildActionMask = 2147483647;
			files = (
			);
			runOnlyForDeploymentPostprocessing = 0;
		};
		0BFA6508222F4AC4001A5493 /* Resources */ = {
			isa = PBXResourcesBuildPhase;
			buildActionMask = 2147483647;
			files = (
			);
			runOnlyForDeploymentPostprocessing = 0;
		};
/* End PBXResourcesBuildPhase section */

/* Begin PBXSourcesBuildPhase section */
		0BFA64E7222F4AC3001A5493 /* Sources */ = {
			isa = PBXSourcesBuildPhase;
			buildActionMask = 2147483647;
			files = (
				0BFA64EF222F4AC3001A5493 /* AppDelegate.swift in Sources */,
				0BFA651F222F4DFC001A5493 /* HomeViewController.swift in Sources */,
			);
			runOnlyForDeploymentPostprocessing = 0;
		};
		0BFA64FB222F4AC4001A5493 /* Sources */ = {
			isa = PBXSourcesBuildPhase;
			buildActionMask = 2147483647;
			files = (
				0BFA6504222F4AC4001A5493 /* FloorPlanIOSTests.swift in Sources */,
			);
			runOnlyForDeploymentPostprocessing = 0;
		};
		0BFA6506222F4AC4001A5493 /* Sources */ = {
			isa = PBXSourcesBuildPhase;
			buildActionMask = 2147483647;
			files = (
				0BFA650F222F4AC4001A5493 /* FloorPlanIOSUITests.swift in Sources */,
			);
			runOnlyForDeploymentPostprocessing = 0;
		};
/* End PBXSourcesBuildPhase section */

/* Begin PBXTargetDependency section */
		0BFA6501222F4AC4001A5493 /* PBXTargetDependency */ = {
			isa = PBXTargetDependency;
			target = 0BFA64EA222F4AC3001A5493 /* FloorPlanIOS */;
			targetProxy = 0BFA6500222F4AC4001A5493 /* PBXContainerItemProxy */;
		};
		0BFA650C222F4AC4001A5493 /* PBXTargetDependency */ = {
			isa = PBXTargetDependency;
			target = 0BFA64EA222F4AC3001A5493 /* FloorPlanIOS */;
			targetProxy = 0BFA650B222F4AC4001A5493 /* PBXContainerItemProxy */;
		};
/* End PBXTargetDependency section */

/* Begin PBXVariantGroup section */
		0BFA64F2222F4AC3001A5493 /* Main.storyboard */ = {
			isa = PBXVariantGroup;
			children = (
				0BFA64F3222F4AC3001A5493 /* Base */,
			);
			name = Main.storyboard;
			sourceTree = "<group>";
		};
		0BFA64F7222F4AC4001A5493 /* LaunchScreen.storyboard */ = {
			isa = PBXVariantGroup;
			children = (
				0BFA64F8222F4AC4001A5493 /* Base */,
			);
			name = LaunchScreen.storyboard;
			sourceTree = "<group>";
		};
/* End PBXVariantGroup section */

/* Begin XCBuildConfiguration section */
		0BFA6511222F4AC4001A5493 /* Debug */ = {
			isa = XCBuildConfiguration;
			buildSettings = {
				ALWAYS_SEARCH_USER_PATHS = NO;
				CLANG_ANALYZER_NONNULL = YES;
				CLANG_ANALYZER_NUMBER_OBJECT_CONVERSION = YES_AGGRESSIVE;
				CLANG_CXX_LANGUAGE_STANDARD = "gnu++14";
				CLANG_CXX_LIBRARY = "libc++";
				CLANG_ENABLE_MODULES = YES;
				CLANG_ENABLE_OBJC_ARC = YES;
				CLANG_ENABLE_OBJC_WEAK = YES;
				CLANG_WARN_BLOCK_CAPTURE_AUTORELEASING = YES;
				CLANG_WARN_BOOL_CONVERSION = YES;
				CLANG_WARN_COMMA = YES;
				CLANG_WARN_CONSTANT_CONVERSION = YES;
				CLANG_WARN_DEPRECATED_OBJC_IMPLEMENTATIONS = YES;
				CLANG_WARN_DIRECT_OBJC_ISA_USAGE = YES_ERROR;
				CLANG_WARN_DOCUMENTATION_COMMENTS = YES;
				CLANG_WARN_EMPTY_BODY = YES;
				CLANG_WARN_ENUM_CONVERSION = YES;
				CLANG_WARN_INFINITE_RECURSION = YES;
				CLANG_WARN_INT_CONVERSION = YES;
				CLANG_WARN_NON_LITERAL_NULL_CONVERSION = YES;
				CLANG_WARN_OBJC_IMPLICIT_RETAIN_SELF = YES;
				CLANG_WARN_OBJC_LITERAL_CONVERSION = YES;
				CLANG_WARN_OBJC_ROOT_CLASS = YES_ERROR;
				CLANG_WARN_RANGE_LOOP_ANALYSIS = YES;
				CLANG_WARN_STRICT_PROTOTYPES = YES;
				CLANG_WARN_SUSPICIOUS_MOVE = YES;
				CLANG_WARN_UNGUARDED_AVAILABILITY = YES_AGGRESSIVE;
				CLANG_WARN_UNREACHABLE_CODE = YES;
				CLANG_WARN__DUPLICATE_METHOD_MATCH = YES;
				CODE_SIGN_IDENTITY = "iPhone Developer";
				COPY_PHASE_STRIP = NO;
				DEBUG_INFORMATION_FORMAT = dwarf;
				ENABLE_STRICT_OBJC_MSGSEND = YES;
				ENABLE_TESTABILITY = YES;
				GCC_C_LANGUAGE_STANDARD = gnu11;
				GCC_DYNAMIC_NO_PIC = NO;
				GCC_NO_COMMON_BLOCKS = YES;
				GCC_OPTIMIZATION_LEVEL = 0;
				GCC_PREPROCESSOR_DEFINITIONS = (
					"DEBUG=1",
					"$(inherited)",
				);
				GCC_WARN_64_TO_32_BIT_CONVERSION = YES;
				GCC_WARN_ABOUT_RETURN_TYPE = YES_ERROR;
				GCC_WARN_UNDECLARED_SELECTOR = YES;
				GCC_WARN_UNINITIALIZED_AUTOS = YES_AGGRESSIVE;
				GCC_WARN_UNUSED_FUNCTION = YES;
				GCC_WARN_UNUSED_VARIABLE = YES;
				IPHONEOS_DEPLOYMENT_TARGET = 12.1;
				MTL_ENABLE_DEBUG_INFO = INCLUDE_SOURCE;
				MTL_FAST_MATH = YES;
				ONLY_ACTIVE_ARCH = YES;
				SDKROOT = iphoneos;
				SWIFT_ACTIVE_COMPILATION_CONDITIONS = DEBUG;
				SWIFT_OPTIMIZATION_LEVEL = "-Onone";
			};
			name = Debug;
		};
		0BFA6512222F4AC4001A5493 /* Release */ = {
			isa = XCBuildConfiguration;
			buildSettings = {
				ALWAYS_SEARCH_USER_PATHS = NO;
				CLANG_ANALYZER_NONNULL = YES;
				CLANG_ANALYZER_NUMBER_OBJECT_CONVERSION = YES_AGGRESSIVE;
				CLANG_CXX_LANGUAGE_STANDARD = "gnu++14";
				CLANG_CXX_LIBRARY = "libc++";
				CLANG_ENABLE_MODULES = YES;
				CLANG_ENABLE_OBJC_ARC = YES;
				CLANG_ENABLE_OBJC_WEAK = YES;
				CLANG_WARN_BLOCK_CAPTURE_AUTORELEASING = YES;
				CLANG_WARN_BOOL_CONVERSION = YES;
				CLANG_WARN_COMMA = YES;
				CLANG_WARN_CONSTANT_CONVERSION = YES;
				CLANG_WARN_DEPRECATED_OBJC_IMPLEMENTATIONS = YES;
				CLANG_WARN_DIRECT_OBJC_ISA_USAGE = YES_ERROR;
				CLANG_WARN_DOCUMENTATION_COMMENTS = YES;
				CLANG_WARN_EMPTY_BODY = YES;
				CLANG_WARN_ENUM_CONVERSION = YES;
				CLANG_WARN_INFINITE_RECURSION = YES;
				CLANG_WARN_INT_CONVERSION = YES;
				CLANG_WARN_NON_LITERAL_NULL_CONVERSION = YES;
				CLANG_WARN_OBJC_IMPLICIT_RETAIN_SELF = YES;
				CLANG_WARN_OBJC_LITERAL_CONVERSION = YES;
				CLANG_WARN_OBJC_ROOT_CLASS = YES_ERROR;
				CLANG_WARN_RANGE_LOOP_ANALYSIS = YES;
				CLANG_WARN_STRICT_PROTOTYPES = YES;
				CLANG_WARN_SUSPICIOUS_MOVE = YES;
				CLANG_WARN_UNGUARDED_AVAILABILITY = YES_AGGRESSIVE;
				CLANG_WARN_UNREACHABLE_CODE = YES;
				CLANG_WARN__DUPLICATE_METHOD_MATCH = YES;
				CODE_SIGN_IDENTITY = "iPhone Developer";
				COPY_PHASE_STRIP = NO;
				DEBUG_INFORMATION_FORMAT = "dwarf-with-dsym";
				ENABLE_NS_ASSERTIONS = NO;
				ENABLE_STRICT_OBJC_MSGSEND = YES;
				GCC_C_LANGUAGE_STANDARD = gnu11;
				GCC_NO_COMMON_BLOCKS = YES;
				GCC_WARN_64_TO_32_BIT_CONVERSION = YES;
				GCC_WARN_ABOUT_RETURN_TYPE = YES_ERROR;
				GCC_WARN_UNDECLARED_SELECTOR = YES;
				GCC_WARN_UNINITIALIZED_AUTOS = YES_AGGRESSIVE;
				GCC_WARN_UNUSED_FUNCTION = YES;
				GCC_WARN_UNUSED_VARIABLE = YES;
				IPHONEOS_DEPLOYMENT_TARGET = 12.1;
				MTL_ENABLE_DEBUG_INFO = NO;
				MTL_FAST_MATH = YES;
				SDKROOT = iphoneos;
				SWIFT_COMPILATION_MODE = wholemodule;
				SWIFT_OPTIMIZATION_LEVEL = "-O";
				VALIDATE_PRODUCT = YES;
			};
			name = Release;
		};
		0BFA6514222F4AC4001A5493 /* Debug */ = {
			isa = XCBuildConfiguration;
			buildSettings = {
				ASSETCATALOG_COMPILER_APPICON_NAME = AppIcon;
				CODE_SIGN_STYLE = Automatic;
				INFOPLIST_FILE = FloorPlanIOS/Info.plist;
				LD_RUNPATH_SEARCH_PATHS = (
					"$(inherited)",
					"@executable_path/Frameworks",
				);
				PRODUCT_BUNDLE_IDENTIFIER = ang.FloorPlanIOS;
				PRODUCT_NAME = "$(TARGET_NAME)";
				SWIFT_VERSION = 4.2;
				TARGETED_DEVICE_FAMILY = "1,2";
			};
			name = Debug;
		};
		0BFA6515222F4AC4001A5493 /* Release */ = {
			isa = XCBuildConfiguration;
			buildSettings = {
				ASSETCATALOG_COMPILER_APPICON_NAME = AppIcon;
				CODE_SIGN_STYLE = Automatic;
				INFOPLIST_FILE = FloorPlanIOS/Info.plist;
				LD_RUNPATH_SEARCH_PATHS = (
					"$(inherited)",
					"@executable_path/Frameworks",
				);
				PRODUCT_BUNDLE_IDENTIFIER = ang.FloorPlanIOS;
				PRODUCT_NAME = "$(TARGET_NAME)";
				SWIFT_VERSION = 4.2;
				TARGETED_DEVICE_FAMILY = "1,2";
			};
			name = Release;
		};
		0BFA6517222F4AC4001A5493 /* Debug */ = {
			isa = XCBuildConfiguration;
			buildSettings = {
				ALWAYS_EMBED_SWIFT_STANDARD_LIBRARIES = YES;
				BUNDLE_LOADER = "$(TEST_HOST)";
				CODE_SIGN_STYLE = Automatic;
				INFOPLIST_FILE = FloorPlanIOSTests/Info.plist;
				LD_RUNPATH_SEARCH_PATHS = (
					"$(inherited)",
					"@executable_path/Frameworks",
					"@loader_path/Frameworks",
				);
				PRODUCT_BUNDLE_IDENTIFIER = ang.FloorPlanIOSTests;
				PRODUCT_NAME = "$(TARGET_NAME)";
				SWIFT_VERSION = 4.2;
				TARGETED_DEVICE_FAMILY = "1,2";
				TEST_HOST = "$(BUILT_PRODUCTS_DIR)/FloorPlanIOS.app/FloorPlanIOS";
			};
			name = Debug;
		};
		0BFA6518222F4AC4001A5493 /* Release */ = {
			isa = XCBuildConfiguration;
			buildSettings = {
				ALWAYS_EMBED_SWIFT_STANDARD_LIBRARIES = YES;
				BUNDLE_LOADER = "$(TEST_HOST)";
				CODE_SIGN_STYLE = Automatic;
				INFOPLIST_FILE = FloorPlanIOSTests/Info.plist;
				LD_RUNPATH_SEARCH_PATHS = (
					"$(inherited)",
					"@executable_path/Frameworks",
					"@loader_path/Frameworks",
				);
				PRODUCT_BUNDLE_IDENTIFIER = ang.FloorPlanIOSTests;
				PRODUCT_NAME = "$(TARGET_NAME)";
				SWIFT_VERSION = 4.2;
				TARGETED_DEVICE_FAMILY = "1,2";
				TEST_HOST = "$(BUILT_PRODUCTS_DIR)/FloorPlanIOS.app/FloorPlanIOS";
			};
			name = Release;
		};
		0BFA651A222F4AC4001A5493 /* Debug */ = {
			isa = XCBuildConfiguration;
			buildSettings = {
				ALWAYS_EMBED_SWIFT_STANDARD_LIBRARIES = YES;
				CODE_SIGN_STYLE = Automatic;
				INFOPLIST_FILE = FloorPlanIOSUITests/Info.plist;
				LD_RUNPATH_SEARCH_PATHS = (
					"$(inherited)",
					"@executable_path/Frameworks",
					"@loader_path/Frameworks",
				);
				PRODUCT_BUNDLE_IDENTIFIER = ang.FloorPlanIOSUITests;
				PRODUCT_NAME = "$(TARGET_NAME)";
				SWIFT_VERSION = 4.2;
				TARGETED_DEVICE_FAMILY = "1,2";
				TEST_TARGET_NAME = FloorPlanIOS;
			};
			name = Debug;
		};
		0BFA651B222F4AC4001A5493 /* Release */ = {
			isa = XCBuildConfiguration;
			buildSettings = {
				ALWAYS_EMBED_SWIFT_STANDARD_LIBRARIES = YES;
				CODE_SIGN_STYLE = Automatic;
				INFOPLIST_FILE = FloorPlanIOSUITests/Info.plist;
				LD_RUNPATH_SEARCH_PATHS = (
					"$(inherited)",
					"@executable_path/Frameworks",
					"@loader_path/Frameworks",
				);
				PRODUCT_BUNDLE_IDENTIFIER = ang.FloorPlanIOSUITests;
				PRODUCT_NAME = "$(TARGET_NAME)";
				SWIFT_VERSION = 4.2;
				TARGETED_DEVICE_FAMILY = "1,2";
				TEST_TARGET_NAME = FloorPlanIOS;
			};
			name = Release;
		};
/* End XCBuildConfiguration section */

/* Begin XCConfigurationList section */
		0BFA64E6222F4AC3001A5493 /* Build configuration list for PBXProject "FloorPlanIOS" */ = {
			isa = XCConfigurationList;
			buildConfigurations = (
				0BFA6511222F4AC4001A5493 /* Debug */,
				0BFA6512222F4AC4001A5493 /* Release */,
			);
			defaultConfigurationIsVisible = 0;
			defaultConfigurationName = Release;
		};
		0BFA6513222F4AC4001A5493 /* Build configuration list for PBXNativeTarget "FloorPlanIOS" */ = {
			isa = XCConfigurationList;
			buildConfigurations = (
				0BFA6514222F4AC4001A5493 /* Debug */,
				0BFA6515222F4AC4001A5493 /* Release */,
			);
			defaultConfigurationIsVisible = 0;
			defaultConfigurationName = Release;
		};
		0BFA6516222F4AC4001A5493 /* Build configuration list for PBXNativeTarget "FloorPlanIOSTests" */ = {
			isa = XCConfigurationList;
			buildConfigurations = (
				0BFA6517222F4AC4001A5493 /* Debug */,
				0BFA6518222F4AC4001A5493 /* Release */,
			);
			defaultConfigurationIsVisible = 0;
			defaultConfigurationName = Release;
		};
		0BFA6519222F4AC4001A5493 /* Build configuration list for PBXNativeTarget "FloorPlanIOSUITests" */ = {
			isa = XCConfigurationList;
			buildConfigurations = (
				0BFA651A222F4AC4001A5493 /* Debug */,
				0BFA651B222F4AC4001A5493 /* Release */,
			);
			defaultConfigurationIsVisible = 0;
			defaultConfigurationName = Release;
		};
/* End XCConfigurationList section */
	};
	rootObject = 0BFA64E3222F4AC3001A5493 /* Project object */;
}
